// !$*UTF8*$!
{
	archiveVersion = 1;
	classes = {
	};
	objectVersion = 50;
	objects = {

/* Begin PBXBuildFile section */
		F6780F29242B1E5F009311D4 /* AppDelegate.swift in Sources */ = {isa = PBXBuildFile; fileRef = F6780F28242B1E5F009311D4 /* AppDelegate.swift */; };
		F6780F2B242B1E5F009311D4 /* SceneDelegate.swift in Sources */ = {isa = PBXBuildFile; fileRef = F6780F2A242B1E5F009311D4 /* SceneDelegate.swift */; };
		F6780F2D242B1E5F009311D4 /* ContentView.swift in Sources */ = {isa = PBXBuildFile; fileRef = F6780F2C242B1E5F009311D4 /* ContentView.swift */; };
		F6780F2F242B1E61009311D4 /* Assets.xcassets in Resources */ = {isa = PBXBuildFile; fileRef = F6780F2E242B1E61009311D4 /* Assets.xcassets */; };
		F6780F32242B1E61009311D4 /* Preview Assets.xcassets in Resources */ = {isa = PBXBuildFile; fileRef = F6780F31242B1E61009311D4 /* Preview Assets.xcassets */; };
		F6780F35242B1E61009311D4 /* LaunchScreen.storyboard in Resources */ = {isa = PBXBuildFile; fileRef = F6780F33242B1E61009311D4 /* LaunchScreen.storyboard */; };
		F6780F3F242B1EC4009311D4 /* Flow.swift in Sources */ = {isa = PBXBuildFile; fileRef = F6780F3E242B1EC4009311D4 /* Flow.swift */; };
		F6780F41242B2C7F009311D4 /* CompositionalLayout.swift in Sources */ = {isa = PBXBuildFile; fileRef = F6780F40242B2C7F009311D4 /* CompositionalLayout.swift */; };
/* End PBXBuildFile section */

/* Begin PBXFileReference section */
		F6780F25242B1E5F009311D4 /* SwiftUIAPIForUICollectionView.app */ = {isa = PBXFileReference; explicitFileType = wrapper.application; includeInIndex = 0; path = SwiftUIAPIForUICollectionView.app; sourceTree = BUILT_PRODUCTS_DIR; };
		F6780F28242B1E5F009311D4 /* AppDelegate.swift */ = {isa = PBXFileReference; lastKnownFileType = sourcecode.swift; path = AppDelegate.swift; sourceTree = "<group>"; };
		F6780F2A242B1E5F009311D4 /* SceneDelegate.swift */ = {isa = PBXFileReference; lastKnownFileType = sourcecode.swift; path = SceneDelegate.swift; sourceTree = "<group>"; };
		F6780F2C242B1E5F009311D4 /* ContentView.swift */ = {isa = PBXFileReference; lastKnownFileType = sourcecode.swift; path = ContentView.swift; sourceTree = "<group>"; };
		F6780F2E242B1E61009311D4 /* Assets.xcassets */ = {isa = PBXFileReference; lastKnownFileType = folder.assetcatalog; path = Assets.xcassets; sourceTree = "<group>"; };
		F6780F31242B1E61009311D4 /* Preview Assets.xcassets */ = {isa = PBXFileReference; lastKnownFileType = folder.assetcatalog; path = "Preview Assets.xcassets"; sourceTree = "<group>"; };
		F6780F34242B1E61009311D4 /* Base */ = {isa = PBXFileReference; lastKnownFileType = file.storyboard; name = Base; path = Base.lproj/LaunchScreen.storyboard; sourceTree = "<group>"; };
		F6780F36242B1E61009311D4 /* Info.plist */ = {isa = PBXFileReference; lastKnownFileType = text.plist.xml; path = Info.plist; sourceTree = "<group>"; };
		F6780F3E242B1EC4009311D4 /* Flow.swift */ = {isa = PBXFileReference; lastKnownFileType = sourcecode.swift; path = Flow.swift; sourceTree = "<group>"; };
		F6780F40242B2C7F009311D4 /* CompositionalLayout.swift */ = {isa = PBXFileReference; lastKnownFileType = sourcecode.swift; path = CompositionalLayout.swift; sourceTree = "<group>"; };
/* End PBXFileReference section */

/* Begin PBXFrameworksBuildPhase section */
		F6780F22242B1E5F009311D4 /* Frameworks */ = {
			isa = PBXFrameworksBuildPhase;
			buildActionMask = 2147483647;
			files = (
			);
			runOnlyForDeploymentPostprocessing = 0;
		};
/* End PBXFrameworksBuildPhase section */

/* Begin PBXGroup section */
		F6780F1C242B1E5F009311D4 = {
			isa = PBXGroup;
			children = (
				F6780F27242B1E5F009311D4 /* SwiftUIAPIForUICollectionView */,
				F6780F26242B1E5F009311D4 /* Products */,
			);
			sourceTree = "<group>";
		};
		F6780F26242B1E5F009311D4 /* Products */ = {
			isa = PBXGroup;
			children = (
				F6780F25242B1E5F009311D4 /* SwiftUIAPIForUICollectionView.app */,
			);
			name = Products;
			sourceTree = "<group>";
		};
		F6780F27242B1E5F009311D4 /* SwiftUIAPIForUICollectionView */ = {
			isa = PBXGroup;
			children = (
				F6780F28242B1E5F009311D4 /* AppDelegate.swift */,
				F6780F2A242B1E5F009311D4 /* SceneDelegate.swift */,
				F6780F2C242B1E5F009311D4 /* ContentView.swift */,
				F6780F3E242B1EC4009311D4 /* Flow.swift */,
				F6780F40242B2C7F009311D4 /* CompositionalLayout.swift */,
				F6780F2E242B1E61009311D4 /* Assets.xcassets */,
				F6780F33242B1E61009311D4 /* LaunchScreen.storyboard */,
				F6780F36242B1E61009311D4 /* Info.plist */,
				F6780F30242B1E61009311D4 /* Preview Content */,
			);
			path = SwiftUIAPIForUICollectionView;
			sourceTree = "<group>";
		};
		F6780F30242B1E61009311D4 /* Preview Content */ = {
			isa = PBXGroup;
			children = (
				F6780F31242B1E61009311D4 /* Preview Assets.xcassets */,
			);
			path = "Preview Content";
			sourceTree = "<group>";
		};
/* End PBXGroup section */

/* Begin PBXNativeTarget section */
		F6780F24242B1E5F009311D4 /* SwiftUIAPIForUICollectionView */ = {
			isa = PBXNativeTarget;
			buildConfigurationList = F6780F39242B1E61009311D4 /* Build configuration list for PBXNativeTarget "SwiftUIAPIForUICollectionView" */;
			buildPhases = (
				F6780F21242B1E5F009311D4 /* Sources */,
				F6780F22242B1E5F009311D4 /* Frameworks */,
				F6780F23242B1E5F009311D4 /* Resources */,
			);
			buildRules = (
			);
			dependencies = (
			);
			name = SwiftUIAPIForUICollectionView;
			productName = SwiftUIAPIForUICollectionView;
			productReference = F6780F25242B1E5F009311D4 /* SwiftUIAPIForUICollectionView.app */;
			productType = "com.apple.product-type.application";
		};
/* End PBXNativeTarget section */

/* Begin PBXProject section */
		F6780F1D242B1E5F009311D4 /* Project object */ = {
			isa = PBXProject;
			attributes = {
				LastSwiftUpdateCheck = 1130;
				LastUpgradeCheck = 1130;
				ORGANIZATIONNAME = "Zihan Qi";
				TargetAttributes = {
					F6780F24242B1E5F009311D4 = {
						CreatedOnToolsVersion = 11.3.1;
					};
				};
			};
			buildConfigurationList = F6780F20242B1E5F009311D4 /* Build configuration list for PBXProject "SwiftUIAPIForUICollectionView" */;
			compatibilityVersion = "Xcode 9.3";
			developmentRegion = en;
			hasScannedForEncodings = 0;
			knownRegions = (
				en,
				Base,
			);
			mainGroup = F6780F1C242B1E5F009311D4;
			productRefGroup = F6780F26242B1E5F009311D4 /* Products */;
			projectDirPath = "";
			projectRoot = "";
			targets = (
				F6780F24242B1E5F009311D4 /* SwiftUIAPIForUICollectionView */,
			);
		};
/* End PBXProject section */

/* Begin PBXResourcesBuildPhase section */
		F6780F23242B1E5F009311D4 /* Resources */ = {
			isa = PBXResourcesBuildPhase;
			buildActionMask = 2147483647;
			files = (
				F6780F35242B1E61009311D4 /* LaunchScreen.storyboard in Resources */,
				F6780F32242B1E61009311D4 /* Preview Assets.xcassets in Resources */,
				F6780F2F242B1E61009311D4 /* Assets.xcassets in Resources */,
			);
			runOnlyForDeploymentPostprocessing = 0;
		};
/* End PBXResourcesBuildPhase section */

/* Begin PBXSourcesBuildPhase section */
		F6780F21242B1E5F009311D4 /* Sources */ = {
			isa = PBXSourcesBuildPhase;
			buildActionMask = 2147483647;
			files = (
				F6780F41242B2C7F009311D4 /* CompositionalLayout.swift in Sources */,
				F6780F29242B1E5F009311D4 /* AppDelegate.swift in Sources */,
				F6780F3F242B1EC4009311D4 /* Flow.swift in Sources */,
				F6780F2B242B1E5F009311D4 /* SceneDelegate.swift in Sources */,
				F6780F2D242B1E5F009311D4 /* ContentView.swift in Sources */,
			);
			runOnlyForDeploymentPostprocessing = 0;
		};
/* End PBXSourcesBuildPhase section */

/* Begin PBXVariantGroup section */
		F6780F33242B1E61009311D4 /* LaunchScreen.storyboard */ = {
			isa = PBXVariantGroup;
			children = (
				F6780F34242B1E61009311D4 /* Base */,
			);
			name = LaunchScreen.storyboard;
			sourceTree = "<group>";
		};
/* End PBXVariantGroup section */

/* Begin XCBuildConfiguration section */
		F6780F37242B1E61009311D4 /* Debug */ = {
			isa = XCBuildConfiguration;
			buildSettings = {
				ALWAYS_SEARCH_USER_PATHS = NO;
				CLANG_ANALYZER_NONNULL = YES;
				CLANG_ANALYZER_NUMBER_OBJECT_CONVERSION = YES_AGGRESSIVE;
				CLANG_CXX_LANGUAGE_STANDARD = "gnu++14";
				CLANG_CXX_LIBRARY = "libc++";
				CLANG_ENABLE_MODULES = YES;
				CLANG_ENABLE_OBJC_ARC = YES;
				CLANG_ENABLE_OBJC_WEAK = YES;
				CLANG_WARN_BLOCK_CAPTURE_AUTORELEASING = YES;
				CLANG_WARN_BOOL_CONVERSION = YES;
				CLANG_WARN_COMMA = YES;
				CLANG_WARN_CONSTANT_CONVERSION = YES;
				CLANG_WARN_DEPRECATED_OBJC_IMPLEMENTATIONS = YES;
				CLANG_WARN_DIRECT_OBJC_ISA_USAGE = YES_ERROR;
				CLANG_WARN_DOCUMENTATION_COMMENTS = YES;
				CLANG_WARN_EMPTY_BODY = YES;
				CLANG_WARN_ENUM_CONVERSION = YES;
				CLANG_WARN_INFINITE_RECURSION = YES;
				CLANG_WARN_INT_CONVERSION = YES;
				CLANG_WARN_NON_LITERAL_NULL_CONVERSION = YES;
				CLANG_WARN_OBJC_IMPLICIT_RETAIN_SELF = YES;
				CLANG_WARN_OBJC_LITERAL_CONVERSION = YES;
				CLANG_WARN_OBJC_ROOT_CLASS = YES_ERROR;
				CLANG_WARN_RANGE_LOOP_ANALYSIS = YES;
				CLANG_WARN_STRICT_PROTOTYPES = YES;
				CLANG_WARN_SUSPICIOUS_MOVE = YES;
				CLANG_WARN_UNGUARDED_AVAILABILITY = YES_AGGRESSIVE;
				CLANG_WARN_UNREACHABLE_CODE = YES;
				CLANG_WARN__DUPLICATE_METHOD_MATCH = YES;
				COPY_PHASE_STRIP = NO;
				DEBUG_INFORMATION_FORMAT = dwarf;
				ENABLE_STRICT_OBJC_MSGSEND = YES;
				ENABLE_TESTABILITY = YES;
				GCC_C_LANGUAGE_STANDARD = gnu11;
				GCC_DYNAMIC_NO_PIC = NO;
				GCC_NO_COMMON_BLOCKS = YES;
				GCC_OPTIMIZATION_LEVEL = 0;
				GCC_PREPROCESSOR_DEFINITIONS = (
					"DEBUG=1",
					"$(inherited)",
				);
				GCC_WARN_64_TO_32_BIT_CONVERSION = YES;
				GCC_WARN_ABOUT_RETURN_TYPE = YES_ERROR;
				GCC_WARN_UNDECLARED_SELECTOR = YES;
				GCC_WARN_UNINITIALIZED_AUTOS = YES_AGGRESSIVE;
				GCC_WARN_UNUSED_FUNCTION = YES;
				GCC_WARN_UNUSED_VARIABLE = YES;
				IPHONEOS_DEPLOYMENT_TARGET = 13.2;
				MTL_ENABLE_DEBUG_INFO = INCLUDE_SOURCE;
				MTL_FAST_MATH = YES;
				ONLY_ACTIVE_ARCH = YES;
				SDKROOT = iphoneos;
				SWIFT_ACTIVE_COMPILATION_CONDITIONS = DEBUG;
				SWIFT_OPTIMIZATION_LEVEL = "-Onone";
			};
			name = Debug;
		};
		F6780F38242B1E61009311D4 /* Release */ = {
			isa = XCBuildConfiguration;
			buildSettings = {
				ALWAYS_SEARCH_USER_PATHS = NO;
				CLANG_ANALYZER_NONNULL = YES;
				CLANG_ANALYZER_NUMBER_OBJECT_CONVERSION = YES_AGGRESSIVE;
				CLANG_CXX_LANGUAGE_STANDARD = "gnu++14";
				CLANG_CXX_LIBRARY = "libc++";
				CLANG_ENABLE_MODULES = YES;
				CLANG_ENABLE_OBJC_ARC = YES;
				CLANG_ENABLE_OBJC_WEAK = YES;
				CLANG_WARN_BLOCK_CAPTURE_AUTORELEASING = YES;
				CLANG_WARN_BOOL_CONVERSION = YES;
				CLANG_WARN_COMMA = YES;
				CLANG_WARN_CONSTANT_CONVERSION = YES;
				CLANG_WARN_DEPRECATED_OBJC_IMPLEMENTATIONS = YES;
				CLANG_WARN_DIRECT_OBJC_ISA_USAGE = YES_ERROR;
				CLANG_WARN_DOCUMENTATION_COMMENTS = YES;
				CLANG_WARN_EMPTY_BODY = YES;
				CLANG_WARN_ENUM_CONVERSION = YES;
				CLANG_WARN_INFINITE_RECURSION = YES;
				CLANG_WARN_INT_CONVERSION = YES;
				CLANG_WARN_NON_LITERAL_NULL_CONVERSION = YES;
				CLANG_WARN_OBJC_IMPLICIT_RETAIN_SELF = YES;
				CLANG_WARN_OBJC_LITERAL_CONVERSION = YES;
				CLANG_WARN_OBJC_ROOT_CLASS = YES_ERROR;
				CLANG_WARN_RANGE_LOOP_ANALYSIS = YES;
				CLANG_WARN_STRICT_PROTOTYPES = YES;
				CLANG_WARN_SUSPICIOUS_MOVE = YES;
				CLANG_WARN_UNGUARDED_AVAILABILITY = YES_AGGRESSIVE;
				CLANG_WARN_UNREACHABLE_CODE = YES;
				CLANG_WARN__DUPLICATE_METHOD_MATCH = YES;
				COPY_PHASE_STRIP = NO;
				DEBUG_INFORMATION_FORMAT = "dwarf-with-dsym";
				ENABLE_NS_ASSERTIONS = NO;
				ENABLE_STRICT_OBJC_MSGSEND = YES;
				GCC_C_LANGUAGE_STANDARD = gnu11;
				GCC_NO_COMMON_BLOCKS = YES;
				GCC_WARN_64_TO_32_BIT_CONVERSION = YES;
				GCC_WARN_ABOUT_RETURN_TYPE = YES_ERROR;
				GCC_WARN_UNDECLARED_SELECTOR = YES;
				GCC_WARN_UNINITIALIZED_AUTOS = YES_AGGRESSIVE;
				GCC_WARN_UNUSED_FUNCTION = YES;
				GCC_WARN_UNUSED_VARIABLE = YES;
				IPHONEOS_DEPLOYMENT_TARGET = 13.2;
				MTL_ENABLE_DEBUG_INFO = NO;
				MTL_FAST_MATH = YES;
				SDKROOT = iphoneos;
				SWIFT_COMPILATION_MODE = wholemodule;
				SWIFT_OPTIMIZATION_LEVEL = "-O";
				VALIDATE_PRODUCT = YES;
			};
			name = Release;
		};
		F6780F3A242B1E61009311D4 /* Debug */ = {
			isa = XCBuildConfiguration;
			buildSettings = {
				ASSETCATALOG_COMPILER_APPICON_NAME = AppIcon;
				CODE_SIGN_STYLE = Automatic;
				DEVELOPMENT_ASSET_PATHS = "\"SwiftUIAPIForUICollectionView/Preview Content\"";
				DEVELOPMENT_TEAM = CJYVMFG9D9;
				ENABLE_PREVIEWS = YES;
				INFOPLIST_FILE = SwiftUIAPIForUICollectionView/Info.plist;
				LD_RUNPATH_SEARCH_PATHS = (
					"$(inherited)",
					"@executable_path/Frameworks",
				);
				PRODUCT_BUNDLE_IDENTIFIER = qzhann.SwiftUIAPIForUICollectionView;
				PRODUCT_NAME = "$(TARGET_NAME)";
				SWIFT_VERSION = 5.0;
				TARGETED_DEVICE_FAMILY = "1,2";
			};
			name = Debug;
		};
		F6780F3B242B1E61009311D4 /* Release */ = {
			isa = XCBuildConfiguration;
			buildSettings = {
				ASSETCATALOG_COMPILER_APPICON_NAME = AppIcon;
				CODE_SIGN_STYLE = Automatic;
				DEVELOPMENT_ASSET_PATHS = "\"SwiftUIAPIForUICollectionView/Preview Content\"";
				DEVELOPMENT_TEAM = CJYVMFG9D9;
				ENABLE_PREVIEWS = YES;
				INFOPLIST_FILE = SwiftUIAPIForUICollectionView/Info.plist;
				LD_RUNPATH_SEARCH_PATHS = (
					"$(inherited)",
					"@executable_path/Frameworks",
				);
				PRODUCT_BUNDLE_IDENTIFIER = qzhann.SwiftUIAPIForUICollectionView;
				PRODUCT_NAME = "$(TARGET_NAME)";
				SWIFT_VERSION = 5.0;
				TARGETED_DEVICE_FAMILY = "1,2";
			};
			name = Release;
		};
/* End XCBuildConfiguration section */

/* Begin XCConfigurationList section */
		F6780F20242B1E5F009311D4 /* Build configuration list for PBXProject "SwiftUIAPIForUICollectionView" */ = {
			isa = XCConfigurationList;
			buildConfigurations = (
				F6780F37242B1E61009311D4 /* Debug */,
				F6780F38242B1E61009311D4 /* Release */,
			);
			defaultConfigurationIsVisible = 0;
			defaultConfigurationName = Release;
		};
		F6780F39242B1E61009311D4 /* Build configuration list for PBXNativeTarget "SwiftUIAPIForUICollectionView" */ = {
			isa = XCConfigurationList;
			buildConfigurations = (
				F6780F3A242B1E61009311D4 /* Debug */,
				F6780F3B242B1E61009311D4 /* Release */,
			);
			defaultConfigurationIsVisible = 0;
			defaultConfigurationName = Release;
		};
/* End XCConfigurationList section */
	};
	rootObject = F6780F1D242B1E5F009311D4 /* Project object */;
}
